// !$*UTF8*$!
{
	archiveVersion = 1;
	classes = {
	};
	objectVersion = 46;
	objects = {

/* Begin PBXBuildFile section */
		6F0BAFEC1F51E2DD0038ACCD /* main.m in Sources */ = {isa = PBXBuildFile; fileRef = 6F0BAFEB1F51E2DD0038ACCD /* main.m */; };
		6F0BAFEF1F51E2DD0038ACCD /* AppDelegate.m in Sources */ = {isa = PBXBuildFile; fileRef = 6F0BAFEE1F51E2DD0038ACCD /* AppDelegate.m */; };
		6F0BAFF51F51E2DD0038ACCD /* Main.storyboard in Resources */ = {isa = PBXBuildFile; fileRef = 6F0BAFF31F51E2DD0038ACCD /* Main.storyboard */; };
		6F0BAFFD1F51E2DD0038ACCD /* LaunchScreen.storyboard in Resources */ = {isa = PBXBuildFile; fileRef = 6F0BAFFB1F51E2DD0038ACCD /* LaunchScreen.storyboard */; };
		6F1951551F52DB6200CA5971 /* PSFDataController.m in Sources */ = {isa = PBXBuildFile; fileRef = 6F1951541F52DB6200CA5971 /* PSFDataController.m */; };
		6F1951581F52F15D00CA5971 /* PSFModels.m in Sources */ = {isa = PBXBuildFile; fileRef = 6F1951571F52F15D00CA5971 /* PSFModels.m */; };
		6F1951631F5323E300CA5971 /* FavoritePointsTests.m in Sources */ = {isa = PBXBuildFile; fileRef = 6F1951621F5323E300CA5971 /* FavoritePointsTests.m */; };
		6F19516E1F54297900CA5971 /* PSFMapViewController.m in Sources */ = {isa = PBXBuildFile; fileRef = 6F19516D1F54297900CA5971 /* PSFMapViewController.m */; };
		6F1951721F542AC700CA5971 /* MapKit.framework in Frameworks */ = {isa = PBXBuildFile; fileRef = 6F1951711F542AC700CA5971 /* MapKit.framework */; };
		6F1951751F542E5100CA5971 /* PSFLocationManager.m in Sources */ = {isa = PBXBuildFile; fileRef = 6F1951741F542E5100CA5971 /* PSFLocationManager.m */; };
		6F1951771F545DBA00CA5971 /* Media.xcassets in Resources */ = {isa = PBXBuildFile; fileRef = 6F1951761F545DBA00CA5971 /* Media.xcassets */; };
		6F19517A1F55682900CA5971 /* PSFAddPointViewController.m in Sources */ = {isa = PBXBuildFile; fileRef = 6F1951791F55682900CA5971 /* PSFAddPointViewController.m */; };
		6F19517E1F55984500CA5971 /* FavoritePoints.xcdatamodeld in Sources */ = {isa = PBXBuildFile; fileRef = 6F19517C1F55984500CA5971 /* FavoritePoints.xcdatamodeld */; };
		6F1951811F55E0F600CA5971 /* PSFPointAnnotation.m in Sources */ = {isa = PBXBuildFile; fileRef = 6F1951801F55E0F600CA5971 /* PSFPointAnnotation.m */; };
		6F1951841F57E52A00CA5971 /* PSFPointsTableViewController.m in Sources */ = {isa = PBXBuildFile; fileRef = 6F1951831F57E52A00CA5971 /* PSFPointsTableViewController.m */; };
/* End PBXBuildFile section */

/* Begin PBXContainerItemProxy section */
		6F1951651F5323E300CA5971 /* PBXContainerItemProxy */ = {
			isa = PBXContainerItemProxy;
			containerPortal = 6F0BAFDF1F51E2DD0038ACCD /* Project object */;
			proxyType = 1;
			remoteGlobalIDString = 6F0BAFE61F51E2DD0038ACCD;
			remoteInfo = FavoritePoints;
		};
/* End PBXContainerItemProxy section */

/* Begin PBXFileReference section */
		6F0BAFE71F51E2DD0038ACCD /* FavoritePoints.app */ = {isa = PBXFileReference; explicitFileType = wrapper.application; includeInIndex = 0; path = FavoritePoints.app; sourceTree = BUILT_PRODUCTS_DIR; };
		6F0BAFEB1F51E2DD0038ACCD /* main.m */ = {isa = PBXFileReference; lastKnownFileType = sourcecode.c.objc; path = main.m; sourceTree = "<group>"; };
		6F0BAFED1F51E2DD0038ACCD /* AppDelegate.h */ = {isa = PBXFileReference; lastKnownFileType = sourcecode.c.h; path = AppDelegate.h; sourceTree = "<group>"; };
		6F0BAFEE1F51E2DD0038ACCD /* AppDelegate.m */ = {isa = PBXFileReference; lastKnownFileType = sourcecode.c.objc; path = AppDelegate.m; sourceTree = "<group>"; };
		6F0BAFF41F51E2DD0038ACCD /* Base */ = {isa = PBXFileReference; lastKnownFileType = file.storyboard; name = Base; path = Base.lproj/Main.storyboard; sourceTree = "<group>"; };
		6F0BAFFC1F51E2DD0038ACCD /* Base */ = {isa = PBXFileReference; lastKnownFileType = file.storyboard; name = Base; path = Base.lproj/LaunchScreen.storyboard; sourceTree = "<group>"; };
		6F0BAFFE1F51E2DD0038ACCD /* Info.plist */ = {isa = PBXFileReference; lastKnownFileType = text.plist.xml; path = Info.plist; sourceTree = "<group>"; };
		6F1951531F52DB6200CA5971 /* PSFDataController.h */ = {isa = PBXFileReference; fileEncoding = 4; lastKnownFileType = sourcecode.c.h; path = PSFDataController.h; sourceTree = "<group>"; };
		6F1951541F52DB6200CA5971 /* PSFDataController.m */ = {isa = PBXFileReference; fileEncoding = 4; lastKnownFileType = sourcecode.c.objc; path = PSFDataController.m; sourceTree = "<group>"; };
		6F1951561F52F15D00CA5971 /* PSFModels.h */ = {isa = PBXFileReference; fileEncoding = 4; lastKnownFileType = sourcecode.c.h; path = PSFModels.h; sourceTree = "<group>"; };
		6F1951571F52F15D00CA5971 /* PSFModels.m */ = {isa = PBXFileReference; fileEncoding = 4; lastKnownFileType = sourcecode.c.objc; path = PSFModels.m; sourceTree = "<group>"; };
		6F1951601F5323E300CA5971 /* FavoritePointsTests.xctest */ = {isa = PBXFileReference; explicitFileType = wrapper.cfbundle; includeInIndex = 0; path = FavoritePointsTests.xctest; sourceTree = BUILT_PRODUCTS_DIR; };
		6F1951621F5323E300CA5971 /* FavoritePointsTests.m */ = {isa = PBXFileReference; lastKnownFileType = sourcecode.c.objc; path = FavoritePointsTests.m; sourceTree = "<group>"; };
		6F1951641F5323E300CA5971 /* Info.plist */ = {isa = PBXFileReference; lastKnownFileType = text.plist.xml; path = Info.plist; sourceTree = "<group>"; };
		6F19516C1F54297900CA5971 /* PSFMapViewController.h */ = {isa = PBXFileReference; fileEncoding = 4; lastKnownFileType = sourcecode.c.h; path = PSFMapViewController.h; sourceTree = "<group>"; };
		6F19516D1F54297900CA5971 /* PSFMapViewController.m */ = {isa = PBXFileReference; fileEncoding = 4; lastKnownFileType = sourcecode.c.objc; path = PSFMapViewController.m; sourceTree = "<group>"; };
		6F1951711F542AC700CA5971 /* MapKit.framework */ = {isa = PBXFileReference; lastKnownFileType = wrapper.framework; name = MapKit.framework; path = System/Library/Frameworks/MapKit.framework; sourceTree = SDKROOT; };
		6F1951731F542E5100CA5971 /* PSFLocationManager.h */ = {isa = PBXFileReference; fileEncoding = 4; lastKnownFileType = sourcecode.c.h; path = PSFLocationManager.h; sourceTree = "<group>"; };
		6F1951741F542E5100CA5971 /* PSFLocationManager.m */ = {isa = PBXFileReference; fileEncoding = 4; lastKnownFileType = sourcecode.c.objc; path = PSFLocationManager.m; sourceTree = "<group>"; };
		6F1951761F545DBA00CA5971 /* Media.xcassets */ = {isa = PBXFileReference; lastKnownFileType = folder.assetcatalog; path = Media.xcassets; sourceTree = "<group>"; };
		6F1951781F55682900CA5971 /* PSFAddPointViewController.h */ = {isa = PBXFileReference; fileEncoding = 4; lastKnownFileType = sourcecode.c.h; path = PSFAddPointViewController.h; sourceTree = "<group>"; };
		6F1951791F55682900CA5971 /* PSFAddPointViewController.m */ = {isa = PBXFileReference; fileEncoding = 4; lastKnownFileType = sourcecode.c.objc; path = PSFAddPointViewController.m; sourceTree = "<group>"; };
		6F19517D1F55984500CA5971 /* FavoritePoints.xcdatamodel */ = {isa = PBXFileReference; lastKnownFileType = wrapper.xcdatamodel; path = FavoritePoints.xcdatamodel; sourceTree = "<group>"; };
		6F19517F1F55E0F600CA5971 /* PSFPointAnnotation.h */ = {isa = PBXFileReference; fileEncoding = 4; lastKnownFileType = sourcecode.c.h; path = PSFPointAnnotation.h; sourceTree = "<group>"; };
		6F1951801F55E0F600CA5971 /* PSFPointAnnotation.m */ = {isa = PBXFileReference; fileEncoding = 4; lastKnownFileType = sourcecode.c.objc; path = PSFPointAnnotation.m; sourceTree = "<group>"; };
		6F1951821F57E52A00CA5971 /* PSFPointsTableViewController.h */ = {isa = PBXFileReference; fileEncoding = 4; lastKnownFileType = sourcecode.c.h; path = PSFPointsTableViewController.h; sourceTree = "<group>"; };
		6F1951831F57E52A00CA5971 /* PSFPointsTableViewController.m */ = {isa = PBXFileReference; fileEncoding = 4; lastKnownFileType = sourcecode.c.objc; path = PSFPointsTableViewController.m; sourceTree = "<group>"; };
/* End PBXFileReference section */

/* Begin PBXFrameworksBuildPhase section */
		6F0BAFE41F51E2DD0038ACCD /* Frameworks */ = {
			isa = PBXFrameworksBuildPhase;
			buildActionMask = 2147483647;
			files = (
				6F1951721F542AC700CA5971 /* MapKit.framework in Frameworks */,
			);
			runOnlyForDeploymentPostprocessing = 0;
		};
		6F19515D1F5323E300CA5971 /* Frameworks */ = {
			isa = PBXFrameworksBuildPhase;
			buildActionMask = 2147483647;
			files = (
			);
			runOnlyForDeploymentPostprocessing = 0;
		};
/* End PBXFrameworksBuildPhase section */

/* Begin PBXGroup section */
		6F0BAFDE1F51E2DD0038ACCD = {
			isa = PBXGroup;
			children = (
				6F0BAFE91F51E2DD0038ACCD /* FavoritePoints */,
				6F1951611F5323E300CA5971 /* FavoritePointsTests */,
				6F0BAFE81F51E2DD0038ACCD /* Products */,
				6F1951701F542AC600CA5971 /* Frameworks */,
			);
			sourceTree = "<group>";
		};
		6F0BAFE81F51E2DD0038ACCD /* Products */ = {
			isa = PBXGroup;
			children = (
				6F0BAFE71F51E2DD0038ACCD /* FavoritePoints.app */,
				6F1951601F5323E300CA5971 /* FavoritePointsTests.xctest */,
			);
			name = Products;
			sourceTree = "<group>";
		};
		6F0BAFE91F51E2DD0038ACCD /* FavoritePoints */ = {
			isa = PBXGroup;
			children = (
				6F19516F1F54298300CA5971 /* Map */,
				6F1951521F52DB1800CA5971 /* Core Data stack */,
				6F0BAFED1F51E2DD0038ACCD /* AppDelegate.h */,
				6F0BAFEE1F51E2DD0038ACCD /* AppDelegate.m */,
				6F0BAFF31F51E2DD0038ACCD /* Main.storyboard */,
				6F1951761F545DBA00CA5971 /* Media.xcassets */,
				6F0BAFFB1F51E2DD0038ACCD /* LaunchScreen.storyboard */,
				6F0BAFFE1F51E2DD0038ACCD /* Info.plist */,
				6F19517C1F55984500CA5971 /* FavoritePoints.xcdatamodeld */,
				6F0BAFEA1F51E2DD0038ACCD /* Supporting Files */,
			);
			path = FavoritePoints;
			sourceTree = "<group>";
		};
		6F0BAFEA1F51E2DD0038ACCD /* Supporting Files */ = {
			isa = PBXGroup;
			children = (
				6F0BAFEB1F51E2DD0038ACCD /* main.m */,
			);
			name = "Supporting Files";
			sourceTree = "<group>";
		};
		6F1951521F52DB1800CA5971 /* Core Data stack */ = {
			isa = PBXGroup;
			children = (
				6F1951531F52DB6200CA5971 /* PSFDataController.h */,
				6F1951541F52DB6200CA5971 /* PSFDataController.m */,
				6F1951561F52F15D00CA5971 /* PSFModels.h */,
				6F1951571F52F15D00CA5971 /* PSFModels.m */,
			);
			name = "Core Data stack";
			sourceTree = "<group>";
		};
		6F1951611F5323E300CA5971 /* FavoritePointsTests */ = {
			isa = PBXGroup;
			children = (
				6F1951621F5323E300CA5971 /* FavoritePointsTests.m */,
				6F1951641F5323E300CA5971 /* Info.plist */,
			);
			path = FavoritePointsTests;
			sourceTree = "<group>";
		};
		6F19516F1F54298300CA5971 /* Map */ = {
			isa = PBXGroup;
			children = (
				6F19516C1F54297900CA5971 /* PSFMapViewController.h */,
				6F19516D1F54297900CA5971 /* PSFMapViewController.m */,
				6F1951731F542E5100CA5971 /* PSFLocationManager.h */,
				6F1951741F542E5100CA5971 /* PSFLocationManager.m */,
				6F1951781F55682900CA5971 /* PSFAddPointViewController.h */,
				6F1951791F55682900CA5971 /* PSFAddPointViewController.m */,
				6F19517F1F55E0F600CA5971 /* PSFPointAnnotation.h */,
				6F1951801F55E0F600CA5971 /* PSFPointAnnotation.m */,
				6F1951821F57E52A00CA5971 /* PSFPointsTableViewController.h */,
				6F1951831F57E52A00CA5971 /* PSFPointsTableViewController.m */,
			);
			name = Map;
			sourceTree = "<group>";
		};
		6F1951701F542AC600CA5971 /* Frameworks */ = {
			isa = PBXGroup;
			children = (
				6F1951711F542AC700CA5971 /* MapKit.framework */,
			);
			name = Frameworks;
			sourceTree = "<group>";
		};
/* End PBXGroup section */

/* Begin PBXNativeTarget section */
		6F0BAFE61F51E2DD0038ACCD /* FavoritePoints */ = {
			isa = PBXNativeTarget;
			buildConfigurationList = 6F0BB0011F51E2DD0038ACCD /* Build configuration list for PBXNativeTarget "FavoritePoints" */;
			buildPhases = (
				6F0BAFE31F51E2DD0038ACCD /* Sources */,
				6F0BAFE41F51E2DD0038ACCD /* Frameworks */,
				6F0BAFE51F51E2DD0038ACCD /* Resources */,
			);
			buildRules = (
			);
			dependencies = (
			);
			name = FavoritePoints;
			productName = FavoritePoints;
			productReference = 6F0BAFE71F51E2DD0038ACCD /* FavoritePoints.app */;
			productType = "com.apple.product-type.application";
		};
		6F19515F1F5323E300CA5971 /* FavoritePointsTests */ = {
			isa = PBXNativeTarget;
			buildConfigurationList = 6F1951671F5323E300CA5971 /* Build configuration list for PBXNativeTarget "FavoritePointsTests" */;
			buildPhases = (
				6F19515C1F5323E300CA5971 /* Sources */,
				6F19515D1F5323E300CA5971 /* Frameworks */,
				6F19515E1F5323E300CA5971 /* Resources */,
			);
			buildRules = (
			);
			dependencies = (
				6F1951661F5323E300CA5971 /* PBXTargetDependency */,
			);
			name = FavoritePointsTests;
			productName = FavoritePointsTests;
			productReference = 6F1951601F5323E300CA5971 /* FavoritePointsTests.xctest */;
			productType = "com.apple.product-type.bundle.unit-test";
		};
/* End PBXNativeTarget section */

/* Begin PBXProject section */
		6F0BAFDF1F51E2DD0038ACCD /* Project object */ = {
			isa = PBXProject;
			attributes = {
				LastUpgradeCheck = 0830;
				ORGANIZATIONNAME = "Pragmatic Software";
				TargetAttributes = {
					6F0BAFE61F51E2DD0038ACCD = {
						CreatedOnToolsVersion = 8.3;
						DevelopmentTeam = LW3PL5B242;
						ProvisioningStyle = Automatic;
					};
					6F19515F1F5323E300CA5971 = {
						CreatedOnToolsVersion = 8.3;
						DevelopmentTeam = LW3PL5B242;
						ProvisioningStyle = Automatic;
						TestTargetID = 6F0BAFE61F51E2DD0038ACCD;
					};
				};
			};
			buildConfigurationList = 6F0BAFE21F51E2DD0038ACCD /* Build configuration list for PBXProject "FavoritePoints" */;
			compatibilityVersion = "Xcode 3.2";
			developmentRegion = English;
			hasScannedForEncodings = 0;
			knownRegions = (
				en,
				Base,
			);
			mainGroup = 6F0BAFDE1F51E2DD0038ACCD;
			productRefGroup = 6F0BAFE81F51E2DD0038ACCD /* Products */;
			projectDirPath = "";
			projectRoot = "";
			targets = (
				6F0BAFE61F51E2DD0038ACCD /* FavoritePoints */,
				6F19515F1F5323E300CA5971 /* FavoritePointsTests */,
			);
		};
/* End PBXProject section */

/* Begin PBXResourcesBuildPhase section */
		6F0BAFE51F51E2DD0038ACCD /* Resources */ = {
			isa = PBXResourcesBuildPhase;
			buildActionMask = 2147483647;
			files = (
				6F0BAFFD1F51E2DD0038ACCD /* LaunchScreen.storyboard in Resources */,
				6F1951771F545DBA00CA5971 /* Media.xcassets in Resources */,
				6F0BAFF51F51E2DD0038ACCD /* Main.storyboard in Resources */,
			);
			runOnlyForDeploymentPostprocessing = 0;
		};
		6F19515E1F5323E300CA5971 /* Resources */ = {
			isa = PBXResourcesBuildPhase;
			buildActionMask = 2147483647;
			files = (
			);
			runOnlyForDeploymentPostprocessing = 0;
		};
/* End PBXResourcesBuildPhase section */

/* Begin PBXSourcesBuildPhase section */
		6F0BAFE31F51E2DD0038ACCD /* Sources */ = {
			isa = PBXSourcesBuildPhase;
			buildActionMask = 2147483647;
			files = (
				6F1951551F52DB6200CA5971 /* PSFDataController.m in Sources */,
				6F0BAFEF1F51E2DD0038ACCD /* AppDelegate.m in Sources */,
				6F1951751F542E5100CA5971 /* PSFLocationManager.m in Sources */,
				6F0BAFEC1F51E2DD0038ACCD /* main.m in Sources */,
				6F1951811F55E0F600CA5971 /* PSFPointAnnotation.m in Sources */,
				6F1951581F52F15D00CA5971 /* PSFModels.m in Sources */,
				6F19517A1F55682900CA5971 /* PSFAddPointViewController.m in Sources */,
				6F19516E1F54297900CA5971 /* PSFMapViewController.m in Sources */,
				6F19517E1F55984500CA5971 /* FavoritePoints.xcdatamodeld in Sources */,
				6F1951841F57E52A00CA5971 /* PSFPointsTableViewController.m in Sources */,
			);
			runOnlyForDeploymentPostprocessing = 0;
		};
		6F19515C1F5323E300CA5971 /* Sources */ = {
			isa = PBXSourcesBuildPhase;
			buildActionMask = 2147483647;
			files = (
				6F1951631F5323E300CA5971 /* FavoritePointsTests.m in Sources */,
			);
			runOnlyForDeploymentPostprocessing = 0;
		};
/* End PBXSourcesBuildPhase section */

/* Begin PBXTargetDependency section */
		6F1951661F5323E300CA5971 /* PBXTargetDependency */ = {
			isa = PBXTargetDependency;
			target = 6F0BAFE61F51E2DD0038ACCD /* FavoritePoints */;
			targetProxy = 6F1951651F5323E300CA5971 /* PBXContainerItemProxy */;
		};
/* End PBXTargetDependency section */

/* Begin PBXVariantGroup section */
		6F0BAFF31F51E2DD0038ACCD /* Main.storyboard */ = {
			isa = PBXVariantGroup;
			children = (
				6F0BAFF41F51E2DD0038ACCD /* Base */,
			);
			name = Main.storyboard;
			sourceTree = "<group>";
		};
		6F0BAFFB1F51E2DD0038ACCD /* LaunchScreen.storyboard */ = {
			isa = PBXVariantGroup;
			children = (
				6F0BAFFC1F51E2DD0038ACCD /* Base */,
			);
			name = LaunchScreen.storyboard;
			sourceTree = "<group>";
		};
/* End PBXVariantGroup section */

/* Begin XCBuildConfiguration section */
		6F0BAFFF1F51E2DD0038ACCD /* Debug */ = {
			isa = XCBuildConfiguration;
			buildSettings = {
				ALWAYS_SEARCH_USER_PATHS = NO;
				CLANG_ANALYZER_NONNULL = YES;
				CLANG_ANALYZER_NUMBER_OBJECT_CONVERSION = YES_AGGRESSIVE;
				CLANG_CXX_LANGUAGE_STANDARD = "gnu++0x";
				CLANG_CXX_LIBRARY = "libc++";
				CLANG_ENABLE_MODULES = YES;
				CLANG_ENABLE_OBJC_ARC = YES;
				CLANG_WARN_BOOL_CONVERSION = YES;
				CLANG_WARN_CONSTANT_CONVERSION = YES;
				CLANG_WARN_DIRECT_OBJC_ISA_USAGE = YES_ERROR;
				CLANG_WARN_DOCUMENTATION_COMMENTS = YES;
				CLANG_WARN_EMPTY_BODY = YES;
				CLANG_WARN_ENUM_CONVERSION = YES;
				CLANG_WARN_INFINITE_RECURSION = YES;
				CLANG_WARN_INT_CONVERSION = YES;
				CLANG_WARN_OBJC_ROOT_CLASS = YES_ERROR;
				CLANG_WARN_SUSPICIOUS_MOVE = YES;
				CLANG_WARN_UNREACHABLE_CODE = YES;
				CLANG_WARN__DUPLICATE_METHOD_MATCH = YES;
				"CODE_SIGN_IDENTITY[sdk=iphoneos*]" = "iPhone Developer";
				COPY_PHASE_STRIP = NO;
				DEBUG_INFORMATION_FORMAT = dwarf;
				ENABLE_STRICT_OBJC_MSGSEND = YES;
				ENABLE_TESTABILITY = YES;
				GCC_C_LANGUAGE_STANDARD = gnu99;
				GCC_DYNAMIC_NO_PIC = NO;
				GCC_NO_COMMON_BLOCKS = YES;
				GCC_OPTIMIZATION_LEVEL = 0;
				GCC_PREPROCESSOR_DEFINITIONS = (
					"DEBUG=1",
					"$(inherited)",
				);
				GCC_WARN_64_TO_32_BIT_CONVERSION = YES;
				GCC_WARN_ABOUT_RETURN_TYPE = YES_ERROR;
				GCC_WARN_UNDECLARED_SELECTOR = YES;
				GCC_WARN_UNINITIALIZED_AUTOS = YES_AGGRESSIVE;
				GCC_WARN_UNUSED_FUNCTION = YES;
				GCC_WARN_UNUSED_VARIABLE = YES;
				IPHONEOS_DEPLOYMENT_TARGET = 10.3;
				MTL_ENABLE_DEBUG_INFO = YES;
				ONLY_ACTIVE_ARCH = YES;
				SDKROOT = iphoneos;
			};
			name = Debug;
		};
		6F0BB0001F51E2DD0038ACCD /* Release */ = {
			isa = XCBuildConfiguration;
			buildSettings = {
				ALWAYS_SEARCH_USER_PATHS = NO;
				CLANG_ANALYZER_NONNULL = YES;
				CLANG_ANALYZER_NUMBER_OBJECT_CONVERSION = YES_AGGRESSIVE;
				CLANG_CXX_LANGUAGE_STANDARD = "gnu++0x";
				CLANG_CXX_LIBRARY = "libc++";
				CLANG_ENABLE_MODULES = YES;
				CLANG_ENABLE_OBJC_ARC = YES;
				CLANG_WARN_BOOL_CONVERSION = YES;
				CLANG_WARN_CONSTANT_CONVERSION = YES;
				CLANG_WARN_DIRECT_OBJC_ISA_USAGE = YES_ERROR;
				CLANG_WARN_DOCUMENTATION_COMMENTS = YES;
				CLANG_WARN_EMPTY_BODY = YES;
				CLANG_WARN_ENUM_CONVERSION = YES;
				CLANG_WARN_INFINITE_RECURSION = YES;
				CLANG_WARN_INT_CONVERSION = YES;
				CLANG_WARN_OBJC_ROOT_CLASS = YES_ERROR;
				CLANG_WARN_SUSPICIOUS_MOVE = YES;
				CLANG_WARN_UNREACHABLE_CODE = YES;
				CLANG_WARN__DUPLICATE_METHOD_MATCH = YES;
				"CODE_SIGN_IDENTITY[sdk=iphoneos*]" = "iPhone Developer";
				COPY_PHASE_STRIP = NO;
				DEBUG_INFORMATION_FORMAT = "dwarf-with-dsym";
				ENABLE_NS_ASSERTIONS = NO;
				ENABLE_STRICT_OBJC_MSGSEND = YES;
				GCC_C_LANGUAGE_STANDARD = gnu99;
				GCC_NO_COMMON_BLOCKS = YES;
				GCC_WARN_64_TO_32_BIT_CONVERSION = YES;
				GCC_WARN_ABOUT_RETURN_TYPE = YES_ERROR;
				GCC_WARN_UNDECLARED_SELECTOR = YES;
				GCC_WARN_UNINITIALIZED_AUTOS = YES_AGGRESSIVE;
				GCC_WARN_UNUSED_FUNCTION = YES;
				GCC_WARN_UNUSED_VARIABLE = YES;
				IPHONEOS_DEPLOYMENT_TARGET = 10.3;
				MTL_ENABLE_DEBUG_INFO = NO;
				SDKROOT = iphoneos;
				VALIDATE_PRODUCT = YES;
			};
			name = Release;
		};
		6F0BB0021F51E2DD0038ACCD /* Debug */ = {
			isa = XCBuildConfiguration;
			buildSettings = {
				ASSETCATALOG_COMPILER_APPICON_NAME = AppIcon;
				DEVELOPMENT_TEAM = LW3PL5B242;
				INFOPLIST_FILE = FavoritePoints/Info.plist;
				LD_RUNPATH_SEARCH_PATHS = "$(inherited) @executable_path/Frameworks";
				PRODUCT_BUNDLE_IDENTIFIER = ru.PragmaticSoftware.FavoritePoints;
				PRODUCT_NAME = "$(TARGET_NAME)";
			};
			name = Debug;
		};
		6F0BB0031F51E2DD0038ACCD /* Release */ = {
			isa = XCBuildConfiguration;
			buildSettings = {
				ASSETCATALOG_COMPILER_APPICON_NAME = AppIcon;
				DEVELOPMENT_TEAM = LW3PL5B242;
				INFOPLIST_FILE = FavoritePoints/Info.plist;
				LD_RUNPATH_SEARCH_PATHS = "$(inherited) @executable_path/Frameworks";
				PRODUCT_BUNDLE_IDENTIFIER = ru.PragmaticSoftware.FavoritePoints;
				PRODUCT_NAME = "$(TARGET_NAME)";
			};
			name = Release;
		};
		6F1951681F5323E300CA5971 /* Debug */ = {
			isa = XCBuildConfiguration;
			buildSettings = {
				BUNDLE_LOADER = "$(TEST_HOST)";
				DEVELOPMENT_TEAM = LW3PL5B242;
				INFOPLIST_FILE = FavoritePointsTests/Info.plist;
				LD_RUNPATH_SEARCH_PATHS = "$(inherited) @executable_path/Frameworks @loader_path/Frameworks";
				PRODUCT_BUNDLE_IDENTIFIER = ru.PragmaticSoftware.FavoritePointsTests;
				PRODUCT_NAME = "$(TARGET_NAME)";
				TEST_HOST = "$(BUILT_PRODUCTS_DIR)/FavoritePoints.app/FavoritePoints";
			};
			name = Debug;
		};
		6F1951691F5323E300CA5971 /* Release */ = {
			isa = XCBuildConfiguration;
			buildSettings = {
				BUNDLE_LOADER = "$(TEST_HOST)";
				DEVELOPMENT_TEAM = LW3PL5B242;
				INFOPLIST_FILE = FavoritePointsTests/Info.plist;
				LD_RUNPATH_SEARCH_PATHS = "$(inherited) @executable_path/Frameworks @loader_path/Frameworks";
				PRODUCT_BUNDLE_IDENTIFIER = ru.PragmaticSoftware.FavoritePointsTests;
				PRODUCT_NAME = "$(TARGET_NAME)";
				TEST_HOST = "$(BUILT_PRODUCTS_DIR)/FavoritePoints.app/FavoritePoints";
			};
			name = Release;
		};
/* End XCBuildConfiguration section */

/* Begin XCConfigurationList section */
		6F0BAFE21F51E2DD0038ACCD /* Build configuration list for PBXProject "FavoritePoints" */ = {
			isa = XCConfigurationList;
			buildConfigurations = (
				6F0BAFFF1F51E2DD0038ACCD /* Debug */,
				6F0BB0001F51E2DD0038ACCD /* Release */,
			);
			defaultConfigurationIsVisible = 0;
			defaultConfigurationName = Release;
		};
		6F0BB0011F51E2DD0038ACCD /* Build configuration list for PBXNativeTarget "FavoritePoints" */ = {
			isa = XCConfigurationList;
			buildConfigurations = (
				6F0BB0021F51E2DD0038ACCD /* Debug */,
				6F0BB0031F51E2DD0038ACCD /* Release */,
			);
			defaultConfigurationIsVisible = 0;
			defaultConfigurationName = Release;
		};
		6F1951671F5323E300CA5971 /* Build configuration list for PBXNativeTarget "FavoritePointsTests" */ = {
			isa = XCConfigurationList;
			buildConfigurations = (
				6F1951681F5323E300CA5971 /* Debug */,
				6F1951691F5323E300CA5971 /* Release */,
			);
			defaultConfigurationIsVisible = 0;
			defaultConfigurationName = Release;
		};
/* End XCConfigurationList section */

/* Begin XCVersionGroup section */
		6F19517C1F55984500CA5971 /* FavoritePoints.xcdatamodeld */ = {
			isa = XCVersionGroup;
			children = (
				6F19517D1F55984500CA5971 /* FavoritePoints.xcdatamodel */,
			);
			currentVersion = 6F19517D1F55984500CA5971 /* FavoritePoints.xcdatamodel */;
			path = FavoritePoints.xcdatamodeld;
			sourceTree = "<group>";
			versionGroupType = wrapper.xcdatamodel;
		};
/* End XCVersionGroup section */
	};
	rootObject = 6F0BAFDF1F51E2DD0038ACCD /* Project object */;
}
